<Solution>
  <Project Path="ADOPM2_05_01\ADOPM2_05_01.csproj" />
  <Project Path="ADOPM2_05_02\ADOPM2_05_02.csproj" />
  <Project Path="ADOPM2_05_03\ADOPM2_05_03.csproj" />
  <Project Path="ADOPM2_05_04\ADOPM2_05_04.csproj" />
  <Project Path="ADOPM2_05_05\ADOPM2_05_05.csproj" />
  <Project Path="ADOPM2_05_06\ADOPM2_05_06.csproj" />
  <Project Path="ADOPM2_05_07\ADOPM2_05_07.csproj" />
  <Project Path="ADOPM2_05_08\ADOPM2_05_08.csproj" />
</Solution>
